// !$*UTF8*$!
{
	archiveVersion = 1;
	classes = {
	};
	objectVersion = 56;
	objects = {

/* Begin PBXBuildFile section */
		0F1B591F2A9262C8001DDC53 /* AppDelegate.swift in Sources */ = {isa = PBXBuildFile; fileRef = 0F1B591E2A9262C8001DDC53 /* AppDelegate.swift */; };
		0F1B59212A9262C8001DDC53 /* SceneDelegate.swift in Sources */ = {isa = PBXBuildFile; fileRef = 0F1B59202A9262C8001DDC53 /* SceneDelegate.swift */; };
		0F1B59232A9262C8001DDC53 /* ViewController.swift in Sources */ = {isa = PBXBuildFile; fileRef = 0F1B59222A9262C8001DDC53 /* ViewController.swift */; };
		0F1B59262A9262C8001DDC53 /* Main.storyboard in Resources */ = {isa = PBXBuildFile; fileRef = 0F1B59242A9262C8001DDC53 /* Main.storyboard */; };
		0F1B59282A9262CC001DDC53 /* Assets.xcassets in Resources */ = {isa = PBXBuildFile; fileRef = 0F1B59272A9262CC001DDC53 /* Assets.xcassets */; };
		0F1B592B2A9262CC001DDC53 /* LaunchScreen.storyboard in Resources */ = {isa = PBXBuildFile; fileRef = 0F1B59292A9262CC001DDC53 /* LaunchScreen.storyboard */; };
		0F1B59362A9262CC001DDC53 /* JikagakiTests.swift in Sources */ = {isa = PBXBuildFile; fileRef = 0F1B59352A9262CC001DDC53 /* JikagakiTests.swift */; };
		0F1B59402A9262CC001DDC53 /* JikagakiUITests.swift in Sources */ = {isa = PBXBuildFile; fileRef = 0F1B593F2A9262CC001DDC53 /* JikagakiUITests.swift */; };
		0F1B59422A9262CC001DDC53 /* JikagakiUITestsLaunchTests.swift in Sources */ = {isa = PBXBuildFile; fileRef = 0F1B59412A9262CC001DDC53 /* JikagakiUITestsLaunchTests.swift */; };
/* End PBXBuildFile section */

/* Begin PBXContainerItemProxy section */
		0F1B59322A9262CC001DDC53 /* PBXContainerItemProxy */ = {
			isa = PBXContainerItemProxy;
			containerPortal = 0F1B59132A9262C8001DDC53 /* Project object */;
			proxyType = 1;
			remoteGlobalIDString = 0F1B591A2A9262C8001DDC53;
			remoteInfo = Jikagaki;
		};
		0F1B593C2A9262CC001DDC53 /* PBXContainerItemProxy */ = {
			isa = PBXContainerItemProxy;
			containerPortal = 0F1B59132A9262C8001DDC53 /* Project object */;
			proxyType = 1;
			remoteGlobalIDString = 0F1B591A2A9262C8001DDC53;
			remoteInfo = Jikagaki;
		};
/* End PBXContainerItemProxy section */

/* Begin PBXFileReference section */
		0F1B591B2A9262C8001DDC53 /* Jikagaki.app */ = {isa = PBXFileReference; explicitFileType = wrapper.application; includeInIndex = 0; path = Jikagaki.app; sourceTree = BUILT_PRODUCTS_DIR; };
		0F1B591E2A9262C8001DDC53 /* AppDelegate.swift */ = {isa = PBXFileReference; lastKnownFileType = sourcecode.swift; path = AppDelegate.swift; sourceTree = "<group>"; };
		0F1B59202A9262C8001DDC53 /* SceneDelegate.swift */ = {isa = PBXFileReference; lastKnownFileType = sourcecode.swift; path = SceneDelegate.swift; sourceTree = "<group>"; };
		0F1B59222A9262C8001DDC53 /* ViewController.swift */ = {isa = PBXFileReference; lastKnownFileType = sourcecode.swift; path = ViewController.swift; sourceTree = "<group>"; };
		0F1B59252A9262C8001DDC53 /* Base */ = {isa = PBXFileReference; lastKnownFileType = file.storyboard; name = Base; path = Base.lproj/Main.storyboard; sourceTree = "<group>"; };
		0F1B59272A9262CC001DDC53 /* Assets.xcassets */ = {isa = PBXFileReference; lastKnownFileType = folder.assetcatalog; path = Assets.xcassets; sourceTree = "<group>"; };
		0F1B592A2A9262CC001DDC53 /* Base */ = {isa = PBXFileReference; lastKnownFileType = file.storyboard; name = Base; path = Base.lproj/LaunchScreen.storyboard; sourceTree = "<group>"; };
		0F1B592C2A9262CC001DDC53 /* Info.plist */ = {isa = PBXFileReference; lastKnownFileType = text.plist.xml; path = Info.plist; sourceTree = "<group>"; };
		0F1B59312A9262CC001DDC53 /* JikagakiTests.xctest */ = {isa = PBXFileReference; explicitFileType = wrapper.cfbundle; includeInIndex = 0; path = JikagakiTests.xctest; sourceTree = BUILT_PRODUCTS_DIR; };
		0F1B59352A9262CC001DDC53 /* JikagakiTests.swift */ = {isa = PBXFileReference; lastKnownFileType = sourcecode.swift; path = JikagakiTests.swift; sourceTree = "<group>"; };
		0F1B593B2A9262CC001DDC53 /* JikagakiUITests.xctest */ = {isa = PBXFileReference; explicitFileType = wrapper.cfbundle; includeInIndex = 0; path = JikagakiUITests.xctest; sourceTree = BUILT_PRODUCTS_DIR; };
		0F1B593F2A9262CC001DDC53 /* JikagakiUITests.swift */ = {isa = PBXFileReference; lastKnownFileType = sourcecode.swift; path = JikagakiUITests.swift; sourceTree = "<group>"; };
		0F1B59412A9262CC001DDC53 /* JikagakiUITestsLaunchTests.swift */ = {isa = PBXFileReference; lastKnownFileType = sourcecode.swift; path = JikagakiUITestsLaunchTests.swift; sourceTree = "<group>"; };
/* End PBXFileReference section */

/* Begin PBXFrameworksBuildPhase section */
		0F1B59182A9262C8001DDC53 /* Frameworks */ = {
			isa = PBXFrameworksBuildPhase;
			buildActionMask = 2147483647;
			files = (
			);
			runOnlyForDeploymentPostprocessing = 0;
		};
		0F1B592E2A9262CC001DDC53 /* Frameworks */ = {
			isa = PBXFrameworksBuildPhase;
			buildActionMask = 2147483647;
			files = (
			);
			runOnlyForDeploymentPostprocessing = 0;
		};
		0F1B59382A9262CC001DDC53 /* Frameworks */ = {
			isa = PBXFrameworksBuildPhase;
			buildActionMask = 2147483647;
			files = (
			);
			runOnlyForDeploymentPostprocessing = 0;
		};
/* End PBXFrameworksBuildPhase section */

/* Begin PBXGroup section */
		0F1B59122A9262C8001DDC53 = {
			isa = PBXGroup;
			children = (
				0F1B591D2A9262C8001DDC53 /* Jikagaki */,
				0F1B59342A9262CC001DDC53 /* JikagakiTests */,
				0F1B593E2A9262CC001DDC53 /* JikagakiUITests */,
				0F1B591C2A9262C8001DDC53 /* Products */,
			);
			sourceTree = "<group>";
		};
		0F1B591C2A9262C8001DDC53 /* Products */ = {
			isa = PBXGroup;
			children = (
				0F1B591B2A9262C8001DDC53 /* Jikagaki.app */,
				0F1B59312A9262CC001DDC53 /* JikagakiTests.xctest */,
				0F1B593B2A9262CC001DDC53 /* JikagakiUITests.xctest */,
			);
			name = Products;
			sourceTree = "<group>";
		};
		0F1B591D2A9262C8001DDC53 /* Jikagaki */ = {
			isa = PBXGroup;
			children = (
				0F1B591E2A9262C8001DDC53 /* AppDelegate.swift */,
				0F1B59202A9262C8001DDC53 /* SceneDelegate.swift */,
				0F1B59222A9262C8001DDC53 /* ViewController.swift */,
				0F1B59242A9262C8001DDC53 /* Main.storyboard */,
				0F1B59272A9262CC001DDC53 /* Assets.xcassets */,
				0F1B59292A9262CC001DDC53 /* LaunchScreen.storyboard */,
				0F1B592C2A9262CC001DDC53 /* Info.plist */,
			);
			path = Jikagaki;
			sourceTree = "<group>";
		};
		0F1B59342A9262CC001DDC53 /* JikagakiTests */ = {
			isa = PBXGroup;
			children = (
				0F1B59352A9262CC001DDC53 /* JikagakiTests.swift */,
			);
			path = JikagakiTests;
			sourceTree = "<group>";
		};
		0F1B593E2A9262CC001DDC53 /* JikagakiUITests */ = {
			isa = PBXGroup;
			children = (
				0F1B593F2A9262CC001DDC53 /* JikagakiUITests.swift */,
				0F1B59412A9262CC001DDC53 /* JikagakiUITestsLaunchTests.swift */,
			);
			path = JikagakiUITests;
			sourceTree = "<group>";
		};
/* End PBXGroup section */

/* Begin PBXNativeTarget section */
		0F1B591A2A9262C8001DDC53 /* Jikagaki */ = {
			isa = PBXNativeTarget;
			buildConfigurationList = 0F1B59452A9262CC001DDC53 /* Build configuration list for PBXNativeTarget "Jikagaki" */;
			buildPhases = (
				0F1B59172A9262C8001DDC53 /* Sources */,
				0F1B59182A9262C8001DDC53 /* Frameworks */,
				0F1B59192A9262C8001DDC53 /* Resources */,
			);
			buildRules = (
			);
			dependencies = (
			);
			name = Jikagaki;
			productName = Jikagaki;
			productReference = 0F1B591B2A9262C8001DDC53 /* Jikagaki.app */;
			productType = "com.apple.product-type.application";
		};
		0F1B59302A9262CC001DDC53 /* JikagakiTests */ = {
			isa = PBXNativeTarget;
			buildConfigurationList = 0F1B59482A9262CC001DDC53 /* Build configuration list for PBXNativeTarget "JikagakiTests" */;
			buildPhases = (
				0F1B592D2A9262CC001DDC53 /* Sources */,
				0F1B592E2A9262CC001DDC53 /* Frameworks */,
				0F1B592F2A9262CC001DDC53 /* Resources */,
			);
			buildRules = (
			);
			dependencies = (
				0F1B59332A9262CC001DDC53 /* PBXTargetDependency */,
			);
			name = JikagakiTests;
			productName = JikagakiTests;
			productReference = 0F1B59312A9262CC001DDC53 /* JikagakiTests.xctest */;
			productType = "com.apple.product-type.bundle.unit-test";
		};
		0F1B593A2A9262CC001DDC53 /* JikagakiUITests */ = {
			isa = PBXNativeTarget;
			buildConfigurationList = 0F1B594B2A9262CC001DDC53 /* Build configuration list for PBXNativeTarget "JikagakiUITests" */;
			buildPhases = (
				0F1B59372A9262CC001DDC53 /* Sources */,
				0F1B59382A9262CC001DDC53 /* Frameworks */,
				0F1B59392A9262CC001DDC53 /* Resources */,
			);
			buildRules = (
			);
			dependencies = (
				0F1B593D2A9262CC001DDC53 /* PBXTargetDependency */,
			);
			name = JikagakiUITests;
			productName = JikagakiUITests;
			productReference = 0F1B593B2A9262CC001DDC53 /* JikagakiUITests.xctest */;
			productType = "com.apple.product-type.bundle.ui-testing";
		};
/* End PBXNativeTarget section */

/* Begin PBXProject section */
		0F1B59132A9262C8001DDC53 /* Project object */ = {
			isa = PBXProject;
			attributes = {
				BuildIndependentTargetsInParallel = 1;
				LastSwiftUpdateCheck = 1500;
				LastUpgradeCheck = 1500;
				TargetAttributes = {
					0F1B591A2A9262C8001DDC53 = {
						CreatedOnToolsVersion = 15.0;
					};
					0F1B59302A9262CC001DDC53 = {
						CreatedOnToolsVersion = 15.0;
						TestTargetID = 0F1B591A2A9262C8001DDC53;
					};
					0F1B593A2A9262CC001DDC53 = {
						CreatedOnToolsVersion = 15.0;
						TestTargetID = 0F1B591A2A9262C8001DDC53;
					};
				};
			};
			buildConfigurationList = 0F1B59162A9262C8001DDC53 /* Build configuration list for PBXProject "Jikagaki" */;
			compatibilityVersion = "Xcode 14.0";
			developmentRegion = en;
			hasScannedForEncodings = 0;
			knownRegions = (
				en,
				Base,
			);
			mainGroup = 0F1B59122A9262C8001DDC53;
			productRefGroup = 0F1B591C2A9262C8001DDC53 /* Products */;
			projectDirPath = "";
			projectRoot = "";
			targets = (
				0F1B591A2A9262C8001DDC53 /* Jikagaki */,
				0F1B59302A9262CC001DDC53 /* JikagakiTests */,
				0F1B593A2A9262CC001DDC53 /* JikagakiUITests */,
			);
		};
/* End PBXProject section */

/* Begin PBXResourcesBuildPhase section */
		0F1B59192A9262C8001DDC53 /* Resources */ = {
			isa = PBXResourcesBuildPhase;
			buildActionMask = 2147483647;
			files = (
				0F1B592B2A9262CC001DDC53 /* LaunchScreen.storyboard in Resources */,
				0F1B59282A9262CC001DDC53 /* Assets.xcassets in Resources */,
				0F1B59262A9262C8001DDC53 /* Main.storyboard in Resources */,
			);
			runOnlyForDeploymentPostprocessing = 0;
		};
		0F1B592F2A9262CC001DDC53 /* Resources */ = {
			isa = PBXResourcesBuildPhase;
			buildActionMask = 2147483647;
			files = (
			);
			runOnlyForDeploymentPostprocessing = 0;
		};
		0F1B59392A9262CC001DDC53 /* Resources */ = {
			isa = PBXResourcesBuildPhase;
			buildActionMask = 2147483647;
			files = (
			);
			runOnlyForDeploymentPostprocessing = 0;
		};
/* End PBXResourcesBuildPhase section */

/* Begin PBXSourcesBuildPhase section */
		0F1B59172A9262C8001DDC53 /* Sources */ = {
			isa = PBXSourcesBuildPhase;
			buildActionMask = 2147483647;
			files = (
				0F1B59232A9262C8001DDC53 /* ViewController.swift in Sources */,
				0F1B591F2A9262C8001DDC53 /* AppDelegate.swift in Sources */,
				0F1B59212A9262C8001DDC53 /* SceneDelegate.swift in Sources */,
			);
			runOnlyForDeploymentPostprocessing = 0;
		};
		0F1B592D2A9262CC001DDC53 /* Sources */ = {
			isa = PBXSourcesBuildPhase;
			buildActionMask = 2147483647;
			files = (
				0F1B59362A9262CC001DDC53 /* JikagakiTests.swift in Sources */,
			);
			runOnlyForDeploymentPostprocessing = 0;
		};
		0F1B59372A9262CC001DDC53 /* Sources */ = {
			isa = PBXSourcesBuildPhase;
			buildActionMask = 2147483647;
			files = (
				0F1B59422A9262CC001DDC53 /* JikagakiUITestsLaunchTests.swift in Sources */,
				0F1B59402A9262CC001DDC53 /* JikagakiUITests.swift in Sources */,
			);
			runOnlyForDeploymentPostprocessing = 0;
		};
/* End PBXSourcesBuildPhase section */

/* Begin PBXTargetDependency section */
		0F1B59332A9262CC001DDC53 /* PBXTargetDependency */ = {
			isa = PBXTargetDependency;
			target = 0F1B591A2A9262C8001DDC53 /* Jikagaki */;
			targetProxy = 0F1B59322A9262CC001DDC53 /* PBXContainerItemProxy */;
		};
		0F1B593D2A9262CC001DDC53 /* PBXTargetDependency */ = {
			isa = PBXTargetDependency;
			target = 0F1B591A2A9262C8001DDC53 /* Jikagaki */;
			targetProxy = 0F1B593C2A9262CC001DDC53 /* PBXContainerItemProxy */;
		};
/* End PBXTargetDependency section */

/* Begin PBXVariantGroup section */
		0F1B59242A9262C8001DDC53 /* Main.storyboard */ = {
			isa = PBXVariantGroup;
			children = (
				0F1B59252A9262C8001DDC53 /* Base */,
			);
			name = Main.storyboard;
			sourceTree = "<group>";
		};
		0F1B59292A9262CC001DDC53 /* LaunchScreen.storyboard */ = {
			isa = PBXVariantGroup;
			children = (
				0F1B592A2A9262CC001DDC53 /* Base */,
			);
			name = LaunchScreen.storyboard;
			sourceTree = "<group>";
		};
/* End PBXVariantGroup section */

/* Begin XCBuildConfiguration section */
		0F1B59432A9262CC001DDC53 /* Debug */ = {
			isa = XCBuildConfiguration;
			buildSettings = {
				ALWAYS_SEARCH_USER_PATHS = NO;
				ASSETCATALOG_COMPILER_GENERATE_SWIFT_ASSET_SYMBOL_EXTENSIONS = YES;
				CLANG_ANALYZER_NONNULL = YES;
				CLANG_ANALYZER_NUMBER_OBJECT_CONVERSION = YES_AGGRESSIVE;
				CLANG_CXX_LANGUAGE_STANDARD = "gnu++20";
				CLANG_ENABLE_MODULES = YES;
				CLANG_ENABLE_OBJC_ARC = YES;
				CLANG_ENABLE_OBJC_WEAK = YES;
				CLANG_WARN_BLOCK_CAPTURE_AUTORELEASING = YES;
				CLANG_WARN_BOOL_CONVERSION = YES;
				CLANG_WARN_COMMA = YES;
				CLANG_WARN_CONSTANT_CONVERSION = YES;
				CLANG_WARN_DEPRECATED_OBJC_IMPLEMENTATIONS = YES;
				CLANG_WARN_DIRECT_OBJC_ISA_USAGE = YES_ERROR;
				CLANG_WARN_DOCUMENTATION_COMMENTS = YES;
				CLANG_WARN_EMPTY_BODY = YES;
				CLANG_WARN_ENUM_CONVERSION = YES;
				CLANG_WARN_INFINITE_RECURSION = YES;
				CLANG_WARN_INT_CONVERSION = YES;
				CLANG_WARN_NON_LITERAL_NULL_CONVERSION = YES;
				CLANG_WARN_OBJC_IMPLICIT_RETAIN_SELF = YES;
				CLANG_WARN_OBJC_LITERAL_CONVERSION = YES;
				CLANG_WARN_OBJC_ROOT_CLASS = YES_ERROR;
				CLANG_WARN_QUOTED_INCLUDE_IN_FRAMEWORK_HEADER = YES;
				CLANG_WARN_RANGE_LOOP_ANALYSIS = YES;
				CLANG_WARN_STRICT_PROTOTYPES = YES;
				CLANG_WARN_SUSPICIOUS_MOVE = YES;
				CLANG_WARN_UNGUARDED_AVAILABILITY = YES_AGGRESSIVE;
				CLANG_WARN_UNREACHABLE_CODE = YES;
				CLANG_WARN__DUPLICATE_METHOD_MATCH = YES;
				COPY_PHASE_STRIP = NO;
				DEBUG_INFORMATION_FORMAT = dwarf;
				ENABLE_STRICT_OBJC_MSGSEND = YES;
				ENABLE_TESTABILITY = YES;
				ENABLE_USER_SCRIPT_SANDBOXING = YES;
				GCC_C_LANGUAGE_STANDARD = gnu17;
				GCC_DYNAMIC_NO_PIC = NO;
				GCC_NO_COMMON_BLOCKS = YES;
				GCC_OPTIMIZATION_LEVEL = 0;
				GCC_PREPROCESSOR_DEFINITIONS = (
					"DEBUG=1",
					"$(inherited)",
				);
				GCC_WARN_64_TO_32_BIT_CONVERSION = YES;
				GCC_WARN_ABOUT_RETURN_TYPE = YES_ERROR;
				GCC_WARN_UNDECLARED_SELECTOR = YES;
				GCC_WARN_UNINITIALIZED_AUTOS = YES_AGGRESSIVE;
				GCC_WARN_UNUSED_FUNCTION = YES;
				GCC_WARN_UNUSED_VARIABLE = YES;
				IPHONEOS_DEPLOYMENT_TARGET = 17.0;
				LOCALIZATION_PREFERS_STRING_CATALOGS = YES;
				MTL_ENABLE_DEBUG_INFO = INCLUDE_SOURCE;
				MTL_FAST_MATH = YES;
				ONLY_ACTIVE_ARCH = YES;
				SDKROOT = iphoneos;
				SWIFT_ACTIVE_COMPILATION_CONDITIONS = "DEBUG $(inherited)";
				SWIFT_OPTIMIZATION_LEVEL = "-Onone";
			};
			name = Debug;
		};
		0F1B59442A9262CC001DDC53 /* Release */ = {
			isa = XCBuildConfiguration;
			buildSettings = {
				ALWAYS_SEARCH_USER_PATHS = NO;
				ASSETCATALOG_COMPILER_GENERATE_SWIFT_ASSET_SYMBOL_EXTENSIONS = YES;
				CLANG_ANALYZER_NONNULL = YES;
				CLANG_ANALYZER_NUMBER_OBJECT_CONVERSION = YES_AGGRESSIVE;
				CLANG_CXX_LANGUAGE_STANDARD = "gnu++20";
				CLANG_ENABLE_MODULES = YES;
				CLANG_ENABLE_OBJC_ARC = YES;
				CLANG_ENABLE_OBJC_WEAK = YES;
				CLANG_WARN_BLOCK_CAPTURE_AUTORELEASING = YES;
				CLANG_WARN_BOOL_CONVERSION = YES;
				CLANG_WARN_COMMA = YES;
				CLANG_WARN_CONSTANT_CONVERSION = YES;
				CLANG_WARN_DEPRECATED_OBJC_IMPLEMENTATIONS = YES;
				CLANG_WARN_DIRECT_OBJC_ISA_USAGE = YES_ERROR;
				CLANG_WARN_DOCUMENTATION_COMMENTS = YES;
				CLANG_WARN_EMPTY_BODY = YES;
				CLANG_WARN_ENUM_CONVERSION = YES;
				CLANG_WARN_INFINITE_RECURSION = YES;
				CLANG_WARN_INT_CONVERSION = YES;
				CLANG_WARN_NON_LITERAL_NULL_CONVERSION = YES;
				CLANG_WARN_OBJC_IMPLICIT_RETAIN_SELF = YES;
				CLANG_WARN_OBJC_LITERAL_CONVERSION = YES;
				CLANG_WARN_OBJC_ROOT_CLASS = YES_ERROR;
				CLANG_WARN_QUOTED_INCLUDE_IN_FRAMEWORK_HEADER = YES;
				CLANG_WARN_RANGE_LOOP_ANALYSIS = YES;
				CLANG_WARN_STRICT_PROTOTYPES = YES;
				CLANG_WARN_SUSPICIOUS_MOVE = YES;
				CLANG_WARN_UNGUARDED_AVAILABILITY = YES_AGGRESSIVE;
				CLANG_WARN_UNREACHABLE_CODE = YES;
				CLANG_WARN__DUPLICATE_METHOD_MATCH = YES;
				COPY_PHASE_STRIP = NO;
				DEBUG_INFORMATION_FORMAT = "dwarf-with-dsym";
				ENABLE_NS_ASSERTIONS = NO;
				ENABLE_STRICT_OBJC_MSGSEND = YES;
				ENABLE_USER_SCRIPT_SANDBOXING = YES;
				GCC_C_LANGUAGE_STANDARD = gnu17;
				GCC_NO_COMMON_BLOCKS = YES;
				GCC_WARN_64_TO_32_BIT_CONVERSION = YES;
				GCC_WARN_ABOUT_RETURN_TYPE = YES_ERROR;
				GCC_WARN_UNDECLARED_SELECTOR = YES;
				GCC_WARN_UNINITIALIZED_AUTOS = YES_AGGRESSIVE;
				GCC_WARN_UNUSED_FUNCTION = YES;
				GCC_WARN_UNUSED_VARIABLE = YES;
				IPHONEOS_DEPLOYMENT_TARGET = 17.0;
				LOCALIZATION_PREFERS_STRING_CATALOGS = YES;
				MTL_ENABLE_DEBUG_INFO = NO;
				MTL_FAST_MATH = YES;
				SDKROOT = iphoneos;
				SWIFT_COMPILATION_MODE = wholemodule;
				VALIDATE_PRODUCT = YES;
			};
			name = Release;
		};
		0F1B59462A9262CC001DDC53 /* Debug */ = {
			isa = XCBuildConfiguration;
			buildSettings = {
				ASSETCATALOG_COMPILER_APPICON_NAME = AppIcon;
				ASSETCATALOG_COMPILER_GLOBAL_ACCENT_COLOR_NAME = AccentColor;
				CODE_SIGN_STYLE = Automatic;
				CURRENT_PROJECT_VERSION = 1;
				DEVELOPMENT_TEAM = 838A2GG6YV;
				GENERATE_INFOPLIST_FILE = YES;
				INFOPLIST_FILE = Jikagaki/Info.plist;
				INFOPLIST_KEY_UIApplicationSupportsIndirectInputEvents = YES;
				INFOPLIST_KEY_UILaunchStoryboardName = LaunchScreen;
				INFOPLIST_KEY_UIMainStoryboardFile = Main;
				INFOPLIST_KEY_UISupportedInterfaceOrientations_iPad = "UIInterfaceOrientationPortrait UIInterfaceOrientationPortraitUpsideDown UIInterfaceOrientationLandscapeLeft UIInterfaceOrientationLandscapeRight";
				INFOPLIST_KEY_UISupportedInterfaceOrientations_iPhone = "UIInterfaceOrientationPortrait UIInterfaceOrientationLandscapeLeft UIInterfaceOrientationLandscapeRight";
				LD_RUNPATH_SEARCH_PATHS = (
					"$(inherited)",
					"@executable_path/Frameworks",
				);
				MARKETING_VERSION = 1.0;
				PRODUCT_BUNDLE_IDENTIFIER = io.ngs.youmi.Jikagaki;
				PRODUCT_NAME = "$(TARGET_NAME)";
				SWIFT_EMIT_LOC_STRINGS = YES;
				SWIFT_VERSION = 5.0;
				TARGETED_DEVICE_FAMILY = "1,2";
			};
			name = Debug;
		};
		0F1B59472A9262CC001DDC53 /* Release */ = {
			isa = XCBuildConfiguration;
			buildSettings = {
				ASSETCATALOG_COMPILER_APPICON_NAME = AppIcon;
				ASSETCATALOG_COMPILER_GLOBAL_ACCENT_COLOR_NAME = AccentColor;
				CODE_SIGN_STYLE = Automatic;
				CURRENT_PROJECT_VERSION = 1;
				DEVELOPMENT_TEAM = 838A2GG6YV;
				GENERATE_INFOPLIST_FILE = YES;
				INFOPLIST_FILE = Jikagaki/Info.plist;
				INFOPLIST_KEY_UIApplicationSupportsIndirectInputEvents = YES;
				INFOPLIST_KEY_UILaunchStoryboardName = LaunchScreen;
				INFOPLIST_KEY_UIMainStoryboardFile = Main;
				INFOPLIST_KEY_UISupportedInterfaceOrientations_iPad = "UIInterfaceOrientationPortrait UIInterfaceOrientationPortraitUpsideDown UIInterfaceOrientationLandscapeLeft UIInterfaceOrientationLandscapeRight";
				INFOPLIST_KEY_UISupportedInterfaceOrientations_iPhone = "UIInterfaceOrientationPortrait UIInterfaceOrientationLandscapeLeft UIInterfaceOrientationLandscapeRight";
				LD_RUNPATH_SEARCH_PATHS = (
					"$(inherited)",
					"@executable_path/Frameworks",
				);
				MARKETING_VERSION = 1.0;
				PRODUCT_BUNDLE_IDENTIFIER = io.ngs.youmi.Jikagaki;
				PRODUCT_NAME = "$(TARGET_NAME)";
				SWIFT_EMIT_LOC_STRINGS = YES;
				SWIFT_VERSION = 5.0;
				TARGETED_DEVICE_FAMILY = "1,2";
			};
			name = Release;
		};
		0F1B59492A9262CC001DDC53 /* Debug */ = {
			isa = XCBuildConfiguration;
			buildSettings = {
				ALWAYS_EMBED_SWIFT_STANDARD_LIBRARIES = YES;
				BUNDLE_LOADER = "$(TEST_HOST)";
				CODE_SIGN_STYLE = Automatic;
				CURRENT_PROJECT_VERSION = 1;
				DEVELOPMENT_TEAM = 838A2GG6YV;
				GENERATE_INFOPLIST_FILE = YES;
				IPHONEOS_DEPLOYMENT_TARGET = 17.0;
				MARKETING_VERSION = 1.0;
				PRODUCT_BUNDLE_IDENTIFIER = io.ngs.youmi.JikagakiTests;
				PRODUCT_NAME = "$(TARGET_NAME)";
				SWIFT_EMIT_LOC_STRINGS = NO;
				SWIFT_VERSION = 5.0;
				TARGETED_DEVICE_FAMILY = "1,2";
				TEST_HOST = "$(BUILT_PRODUCTS_DIR)/Jikagaki.app/$(BUNDLE_EXECUTABLE_FOLDER_PATH)/Jikagaki";
			};
			name = Debug;
		};
		0F1B594A2A9262CC001DDC53 /* Release */ = {
			isa = XCBuildConfiguration;
			buildSettings = {
				ALWAYS_EMBED_SWIFT_STANDARD_LIBRARIES = YES;
				BUNDLE_LOADER = "$(TEST_HOST)";
				CODE_SIGN_STYLE = Automatic;
				CURRENT_PROJECT_VERSION = 1;
				DEVELOPMENT_TEAM = 838A2GG6YV;
				GENERATE_INFOPLIST_FILE = YES;
				IPHONEOS_DEPLOYMENT_TARGET = 17.0;
				MARKETING_VERSION = 1.0;
				PRODUCT_BUNDLE_IDENTIFIER = io.ngs.youmi.JikagakiTests;
				PRODUCT_NAME = "$(TARGET_NAME)";
				SWIFT_EMIT_LOC_STRINGS = NO;
				SWIFT_VERSION = 5.0;
				TARGETED_DEVICE_FAMILY = "1,2";
				TEST_HOST = "$(BUILT_PRODUCTS_DIR)/Jikagaki.app/$(BUNDLE_EXECUTABLE_FOLDER_PATH)/Jikagaki";
			};
			name = Release;
		};
		0F1B594C2A9262CC001DDC53 /* Debug */ = {
			isa = XCBuildConfiguration;
			buildSettings = {
				ALWAYS_EMBED_SWIFT_STANDARD_LIBRARIES = YES;
				CODE_SIGN_STYLE = Automatic;
				CURRENT_PROJECT_VERSION = 1;
				DEVELOPMENT_TEAM = 838A2GG6YV;
				GENERATE_INFOPLIST_FILE = YES;
				MARKETING_VERSION = 1.0;
				PRODUCT_BUNDLE_IDENTIFIER = io.ngs.youmi.JikagakiUITests;
				PRODUCT_NAME = "$(TARGET_NAME)";
				SWIFT_EMIT_LOC_STRINGS = NO;
				SWIFT_VERSION = 5.0;
				TARGETED_DEVICE_FAMILY = "1,2";
				TEST_TARGET_NAME = Jikagaki;
			};
			name = Debug;
		};
		0F1B594D2A9262CC001DDC53 /* Release */ = {
			isa = XCBuildConfiguration;
			buildSettings = {
				ALWAYS_EMBED_SWIFT_STANDARD_LIBRARIES = YES;
				CODE_SIGN_STYLE = Automatic;
				CURRENT_PROJECT_VERSION = 1;
				DEVELOPMENT_TEAM = 838A2GG6YV;
				GENERATE_INFOPLIST_FILE = YES;
				MARKETING_VERSION = 1.0;
				PRODUCT_BUNDLE_IDENTIFIER = io.ngs.youmi.JikagakiUITests;
				PRODUCT_NAME = "$(TARGET_NAME)";
				SWIFT_EMIT_LOC_STRINGS = NO;
				SWIFT_VERSION = 5.0;
				TARGETED_DEVICE_FAMILY = "1,2";
				TEST_TARGET_NAME = Jikagaki;
			};
			name = Release;
		};
/* End XCBuildConfiguration section */

/* Begin XCConfigurationList section */
		0F1B59162A9262C8001DDC53 /* Build configuration list for PBXProject "Jikagaki" */ = {
			isa = XCConfigurationList;
			buildConfigurations = (
				0F1B59432A9262CC001DDC53 /* Debug */,
				0F1B59442A9262CC001DDC53 /* Release */,
			);
			defaultConfigurationIsVisible = 0;
			defaultConfigurationName = Release;
		};
		0F1B59452A9262CC001DDC53 /* Build configuration list for PBXNativeTarget "Jikagaki" */ = {
			isa = XCConfigurationList;
			buildConfigurations = (
				0F1B59462A9262CC001DDC53 /* Debug */,
				0F1B59472A9262CC001DDC53 /* Release */,
			);
			defaultConfigurationIsVisible = 0;
			defaultConfigurationName = Release;
		};
		0F1B59482A9262CC001DDC53 /* Build configuration list for PBXNativeTarget "JikagakiTests" */ = {
			isa = XCConfigurationList;
			buildConfigurations = (
				0F1B59492A9262CC001DDC53 /* Debug */,
				0F1B594A2A9262CC001DDC53 /* Release */,
			);
			defaultConfigurationIsVisible = 0;
			defaultConfigurationName = Release;
		};
		0F1B594B2A9262CC001DDC53 /* Build configuration list for PBXNativeTarget "JikagakiUITests" */ = {
			isa = XCConfigurationList;
			buildConfigurations = (
				0F1B594C2A9262CC001DDC53 /* Debug */,
				0F1B594D2A9262CC001DDC53 /* Release */,
			);
			defaultConfigurationIsVisible = 0;
			defaultConfigurationName = Release;
		};
/* End XCConfigurationList section */
	};
	rootObject = 0F1B59132A9262C8001DDC53 /* Project object */;
}
